// !$*UTF8*$!
{
	archiveVersion = 1;
	classes = {
	};
	objectVersion = 46;
	objects = {

/* Begin PBXBuildFile section */
		4B677F561CB2B76300C3087A /* main.m in Sources */ = {isa = PBXBuildFile; fileRef = 4B677F551CB2B76300C3087A /* main.m */; };
		4B677F591CB2B76300C3087A /* AppDelegate.m in Sources */ = {isa = PBXBuildFile; fileRef = 4B677F581CB2B76300C3087A /* AppDelegate.m */; };
		4B677F5C1CB2B76300C3087A /* ViewController.m in Sources */ = {isa = PBXBuildFile; fileRef = 4B677F5B1CB2B76300C3087A /* ViewController.m */; };
		4B677F5F1CB2B76300C3087A /* Main.storyboard in Resources */ = {isa = PBXBuildFile; fileRef = 4B677F5D1CB2B76300C3087A /* Main.storyboard */; };
		4B677F611CB2B76300C3087A /* Assets.xcassets in Resources */ = {isa = PBXBuildFile; fileRef = 4B677F601CB2B76300C3087A /* Assets.xcassets */; };
		4B677F641CB2B76300C3087A /* LaunchScreen.storyboard in Resources */ = {isa = PBXBuildFile; fileRef = 4B677F621CB2B76300C3087A /* LaunchScreen.storyboard */; };
		4B677F6F1CB2B76400C3087A /* AudioDemoTests.m in Sources */ = {isa = PBXBuildFile; fileRef = 4B677F6E1CB2B76400C3087A /* AudioDemoTests.m */; };
		4B677F7A1CB2B76400C3087A /* AudioDemoUITests.m in Sources */ = {isa = PBXBuildFile; fileRef = 4B677F791CB2B76400C3087A /* AudioDemoUITests.m */; };
/* End PBXBuildFile section */

/* Begin PBXContainerItemProxy section */
		4B677F6B1CB2B76300C3087A /* PBXContainerItemProxy */ = {
			isa = PBXContainerItemProxy;
			containerPortal = 4B677F491CB2B76300C3087A /* Project object */;
			proxyType = 1;
			remoteGlobalIDString = 4B677F501CB2B76300C3087A;
			remoteInfo = AudioDemo;
		};
		4B677F761CB2B76400C3087A /* PBXContainerItemProxy */ = {
			isa = PBXContainerItemProxy;
			containerPortal = 4B677F491CB2B76300C3087A /* Project object */;
			proxyType = 1;
			remoteGlobalIDString = 4B677F501CB2B76300C3087A;
			remoteInfo = AudioDemo;
		};
/* End PBXContainerItemProxy section */

/* Begin PBXFileReference section */
		4B677F511CB2B76300C3087A /* AudioDemo.app */ = {isa = PBXFileReference; explicitFileType = wrapper.application; includeInIndex = 0; path = AudioDemo.app; sourceTree = BUILT_PRODUCTS_DIR; };
		4B677F551CB2B76300C3087A /* main.m */ = {isa = PBXFileReference; lastKnownFileType = sourcecode.c.objc; path = main.m; sourceTree = "<group>"; };
		4B677F571CB2B76300C3087A /* AppDelegate.h */ = {isa = PBXFileReference; lastKnownFileType = sourcecode.c.h; path = AppDelegate.h; sourceTree = "<group>"; };
		4B677F581CB2B76300C3087A /* AppDelegate.m */ = {isa = PBXFileReference; lastKnownFileType = sourcecode.c.objc; path = AppDelegate.m; sourceTree = "<group>"; };
		4B677F5A1CB2B76300C3087A /* ViewController.h */ = {isa = PBXFileReference; lastKnownFileType = sourcecode.c.h; path = ViewController.h; sourceTree = "<group>"; };
		4B677F5B1CB2B76300C3087A /* ViewController.m */ = {isa = PBXFileReference; lastKnownFileType = sourcecode.c.objc; path = ViewController.m; sourceTree = "<group>"; };
		4B677F5E1CB2B76300C3087A /* Base */ = {isa = PBXFileReference; lastKnownFileType = file.storyboard; name = Base; path = Base.lproj/Main.storyboard; sourceTree = "<group>"; };
		4B677F601CB2B76300C3087A /* Assets.xcassets */ = {isa = PBXFileReference; lastKnownFileType = folder.assetcatalog; path = Assets.xcassets; sourceTree = "<group>"; };
		4B677F631CB2B76300C3087A /* Base */ = {isa = PBXFileReference; lastKnownFileType = file.storyboard; name = Base; path = Base.lproj/LaunchScreen.storyboard; sourceTree = "<group>"; };
		4B677F651CB2B76300C3087A /* Info.plist */ = {isa = PBXFileReference; lastKnownFileType = text.plist.xml; path = Info.plist; sourceTree = "<group>"; };
		4B677F6A1CB2B76300C3087A /* AudioDemoTests.xctest */ = {isa = PBXFileReference; explicitFileType = wrapper.cfbundle; includeInIndex = 0; path = AudioDemoTests.xctest; sourceTree = BUILT_PRODUCTS_DIR; };
		4B677F6E1CB2B76400C3087A /* AudioDemoTests.m */ = {isa = PBXFileReference; lastKnownFileType = sourcecode.c.objc; path = AudioDemoTests.m; sourceTree = "<group>"; };
		4B677F701CB2B76400C3087A /* Info.plist */ = {isa = PBXFileReference; lastKnownFileType = text.plist.xml; path = Info.plist; sourceTree = "<group>"; };
		4B677F751CB2B76400C3087A /* AudioDemoUITests.xctest */ = {isa = PBXFileReference; explicitFileType = wrapper.cfbundle; includeInIndex = 0; path = AudioDemoUITests.xctest; sourceTree = BUILT_PRODUCTS_DIR; };
		4B677F791CB2B76400C3087A /* AudioDemoUITests.m */ = {isa = PBXFileReference; lastKnownFileType = sourcecode.c.objc; path = AudioDemoUITests.m; sourceTree = "<group>"; };
		4B677F7B1CB2B76400C3087A /* Info.plist */ = {isa = PBXFileReference; lastKnownFileType = text.plist.xml; path = Info.plist; sourceTree = "<group>"; };
/* End PBXFileReference section */

/* Begin PBXFrameworksBuildPhase section */
		4B677F4E1CB2B76300C3087A /* Frameworks */ = {
			isa = PBXFrameworksBuildPhase;
			buildActionMask = 2147483647;
			files = (
			);
			runOnlyForDeploymentPostprocessing = 0;
		};
		4B677F671CB2B76300C3087A /* Frameworks */ = {
			isa = PBXFrameworksBuildPhase;
			buildActionMask = 2147483647;
			files = (
			);
			runOnlyForDeploymentPostprocessing = 0;
		};
		4B677F721CB2B76400C3087A /* Frameworks */ = {
			isa = PBXFrameworksBuildPhase;
			buildActionMask = 2147483647;
			files = (
			);
			runOnlyForDeploymentPostprocessing = 0;
		};
/* End PBXFrameworksBuildPhase section */

/* Begin PBXGroup section */
		4B677F481CB2B76300C3087A = {
			isa = PBXGroup;
			children = (
				4B677F531CB2B76300C3087A /* AudioDemo */,
				4B677F6D1CB2B76400C3087A /* AudioDemoTests */,
				4B677F781CB2B76400C3087A /* AudioDemoUITests */,
				4B677F521CB2B76300C3087A /* Products */,
			);
			sourceTree = "<group>";
		};
		4B677F521CB2B76300C3087A /* Products */ = {
			isa = PBXGroup;
			children = (
				4B677F511CB2B76300C3087A /* AudioDemo.app */,
				4B677F6A1CB2B76300C3087A /* AudioDemoTests.xctest */,
				4B677F751CB2B76400C3087A /* AudioDemoUITests.xctest */,
			);
			name = Products;
			sourceTree = "<group>";
		};
		4B677F531CB2B76300C3087A /* AudioDemo */ = {
			isa = PBXGroup;
			children = (
				4B677F571CB2B76300C3087A /* AppDelegate.h */,
				4B677F581CB2B76300C3087A /* AppDelegate.m */,
				4B677F5A1CB2B76300C3087A /* ViewController.h */,
				4B677F5B1CB2B76300C3087A /* ViewController.m */,
				4B677F5D1CB2B76300C3087A /* Main.storyboard */,
				4B677F601CB2B76300C3087A /* Assets.xcassets */,
				4B677F621CB2B76300C3087A /* LaunchScreen.storyboard */,
				4B677F651CB2B76300C3087A /* Info.plist */,
				4B677F541CB2B76300C3087A /* Supporting Files */,
			);
			path = AudioDemo;
			sourceTree = "<group>";
		};
		4B677F541CB2B76300C3087A /* Supporting Files */ = {
			isa = PBXGroup;
			children = (
				4B677F551CB2B76300C3087A /* main.m */,
			);
			name = "Supporting Files";
			sourceTree = "<group>";
		};
		4B677F6D1CB2B76400C3087A /* AudioDemoTests */ = {
			isa = PBXGroup;
			children = (
				4B677F6E1CB2B76400C3087A /* AudioDemoTests.m */,
				4B677F701CB2B76400C3087A /* Info.plist */,
			);
			path = AudioDemoTests;
			sourceTree = "<group>";
		};
		4B677F781CB2B76400C3087A /* AudioDemoUITests */ = {
			isa = PBXGroup;
			children = (
				4B677F791CB2B76400C3087A /* AudioDemoUITests.m */,
				4B677F7B1CB2B76400C3087A /* Info.plist */,
			);
			path = AudioDemoUITests;
			sourceTree = "<group>";
		};
/* End PBXGroup section */

/* Begin PBXNativeTarget section */
		4B677F501CB2B76300C3087A /* AudioDemo */ = {
			isa = PBXNativeTarget;
			buildConfigurationList = 4B677F7E1CB2B76400C3087A /* Build configuration list for PBXNativeTarget "AudioDemo" */;
			buildPhases = (
				4B677F4D1CB2B76300C3087A /* Sources */,
				4B677F4E1CB2B76300C3087A /* Frameworks */,
				4B677F4F1CB2B76300C3087A /* Resources */,
			);
			buildRules = (
			);
			dependencies = (
			);
			name = AudioDemo;
			productName = AudioDemo;
			productReference = 4B677F511CB2B76300C3087A /* AudioDemo.app */;
			productType = "com.apple.product-type.application";
		};
		4B677F691CB2B76300C3087A /* AudioDemoTests */ = {
			isa = PBXNativeTarget;
			buildConfigurationList = 4B677F811CB2B76400C3087A /* Build configuration list for PBXNativeTarget "AudioDemoTests" */;
			buildPhases = (
				4B677F661CB2B76300C3087A /* Sources */,
				4B677F671CB2B76300C3087A /* Frameworks */,
				4B677F681CB2B76300C3087A /* Resources */,
			);
			buildRules = (
			);
			dependencies = (
				4B677F6C1CB2B76300C3087A /* PBXTargetDependency */,
			);
			name = AudioDemoTests;
			productName = AudioDemoTests;
			productReference = 4B677F6A1CB2B76300C3087A /* AudioDemoTests.xctest */;
			productType = "com.apple.product-type.bundle.unit-test";
		};
		4B677F741CB2B76400C3087A /* AudioDemoUITests */ = {
			isa = PBXNativeTarget;
			buildConfigurationList = 4B677F841CB2B76400C3087A /* Build configuration list for PBXNativeTarget "AudioDemoUITests" */;
			buildPhases = (
				4B677F711CB2B76400C3087A /* Sources */,
				4B677F721CB2B76400C3087A /* Frameworks */,
				4B677F731CB2B76400C3087A /* Resources */,
			);
			buildRules = (
			);
			dependencies = (
				4B677F771CB2B76400C3087A /* PBXTargetDependency */,
			);
			name = AudioDemoUITests;
			productName = AudioDemoUITests;
			productReference = 4B677F751CB2B76400C3087A /* AudioDemoUITests.xctest */;
			productType = "com.apple.product-type.bundle.ui-testing";
		};
/* End PBXNativeTarget section */

/* Begin PBXProject section */
		4B677F491CB2B76300C3087A /* Project object */ = {
			isa = PBXProject;
			attributes = {
				LastUpgradeCheck = 0730;
				ORGANIZATIONNAME = zlmg;
				TargetAttributes = {
					4B677F501CB2B76300C3087A = {
						CreatedOnToolsVersion = 7.3;
					};
					4B677F691CB2B76300C3087A = {
						CreatedOnToolsVersion = 7.3;
						TestTargetID = 4B677F501CB2B76300C3087A;
					};
					4B677F741CB2B76400C3087A = {
						CreatedOnToolsVersion = 7.3;
						TestTargetID = 4B677F501CB2B76300C3087A;
					};
				};
			};
			buildConfigurationList = 4B677F4C1CB2B76300C3087A /* Build configuration list for PBXProject "AudioDemo" */;
			compatibilityVersion = "Xcode 3.2";
			developmentRegion = English;
			hasScannedForEncodings = 0;
			knownRegions = (
				en,
				Base,
			);
			mainGroup = 4B677F481CB2B76300C3087A;
			productRefGroup = 4B677F521CB2B76300C3087A /* Products */;
			projectDirPath = "";
			projectRoot = "";
			targets = (
				4B677F501CB2B76300C3087A /* AudioDemo */,
				4B677F691CB2B76300C3087A /* AudioDemoTests */,
				4B677F741CB2B76400C3087A /* AudioDemoUITests */,
			);
		};
/* End PBXProject section */

/* Begin PBXResourcesBuildPhase section */
		4B677F4F1CB2B76300C3087A /* Resources */ = {
			isa = PBXResourcesBuildPhase;
			buildActionMask = 2147483647;
			files = (
				4B677F641CB2B76300C3087A /* LaunchScreen.storyboard in Resources */,
				4B677F611CB2B76300C3087A /* Assets.xcassets in Resources */,
				4B677F5F1CB2B76300C3087A /* Main.storyboard in Resources */,
			);
			runOnlyForDeploymentPostprocessing = 0;
		};
		4B677F681CB2B76300C3087A /* Resources */ = {
			isa = PBXResourcesBuildPhase;
			buildActionMask = 2147483647;
			files = (
			);
			runOnlyForDeploymentPostprocessing = 0;
		};
		4B677F731CB2B76400C3087A /* Resources */ = {
			isa = PBXResourcesBuildPhase;
			buildActionMask = 2147483647;
			files = (
			);
			runOnlyForDeploymentPostprocessing = 0;
		};
/* End PBXResourcesBuildPhase section */

/* Begin PBXSourcesBuildPhase section */
		4B677F4D1CB2B76300C3087A /* Sources */ = {
			isa = PBXSourcesBuildPhase;
			buildActionMask = 2147483647;
			files = (
				4B677F5C1CB2B76300C3087A /* ViewController.m in Sources */,
				4B677F591CB2B76300C3087A /* AppDelegate.m in Sources */,
				4B677F561CB2B76300C3087A /* main.m in Sources */,
			);
			runOnlyForDeploymentPostprocessing = 0;
		};
		4B677F661CB2B76300C3087A /* Sources */ = {
			isa = PBXSourcesBuildPhase;
			buildActionMask = 2147483647;
			files = (
				4B677F6F1CB2B76400C3087A /* AudioDemoTests.m in Sources */,
			);
			runOnlyForDeploymentPostprocessing = 0;
		};
		4B677F711CB2B76400C3087A /* Sources */ = {
			isa = PBXSourcesBuildPhase;
			buildActionMask = 2147483647;
			files = (
				4B677F7A1CB2B76400C3087A /* AudioDemoUITests.m in Sources */,
			);
			runOnlyForDeploymentPostprocessing = 0;
		};
/* End PBXSourcesBuildPhase section */

/* Begin PBXTargetDependency section */
		4B677F6C1CB2B76300C3087A /* PBXTargetDependency */ = {
			isa = PBXTargetDependency;
			target = 4B677F501CB2B76300C3087A /* AudioDemo */;
			targetProxy = 4B677F6B1CB2B76300C3087A /* PBXContainerItemProxy */;
		};
		4B677F771CB2B76400C3087A /* PBXTargetDependency */ = {
			isa = PBXTargetDependency;
			target = 4B677F501CB2B76300C3087A /* AudioDemo */;
			targetProxy = 4B677F761CB2B76400C3087A /* PBXContainerItemProxy */;
		};
/* End PBXTargetDependency section */

/* Begin PBXVariantGroup section */
		4B677F5D1CB2B76300C3087A /* Main.storyboard */ = {
			isa = PBXVariantGroup;
			children = (
				4B677F5E1CB2B76300C3087A /* Base */,
			);
			name = Main.storyboard;
			sourceTree = "<group>";
		};
		4B677F621CB2B76300C3087A /* LaunchScreen.storyboard */ = {
			isa = PBXVariantGroup;
			children = (
				4B677F631CB2B76300C3087A /* Base */,
			);
			name = LaunchScreen.storyboard;
			sourceTree = "<group>";
		};
/* End PBXVariantGroup section */

/* Begin XCBuildConfiguration section */
		4B677F7C1CB2B76400C3087A /* Debug */ = {
			isa = XCBuildConfiguration;
			buildSettings = {
				ALWAYS_SEARCH_USER_PATHS = NO;
				CLANG_ANALYZER_NONNULL = YES;
				CLANG_CXX_LANGUAGE_STANDARD = "gnu++0x";
				CLANG_CXX_LIBRARY = "libc++";
				CLANG_ENABLE_MODULES = YES;
				CLANG_ENABLE_OBJC_ARC = YES;
				CLANG_WARN_BOOL_CONVERSION = YES;
				CLANG_WARN_CONSTANT_CONVERSION = YES;
				CLANG_WARN_DIRECT_OBJC_ISA_USAGE = YES_ERROR;
				CLANG_WARN_EMPTY_BODY = YES;
				CLANG_WARN_ENUM_CONVERSION = YES;
				CLANG_WARN_INT_CONVERSION = YES;
				CLANG_WARN_OBJC_ROOT_CLASS = YES_ERROR;
				CLANG_WARN_UNREACHABLE_CODE = YES;
				CLANG_WARN__DUPLICATE_METHOD_MATCH = YES;
				"CODE_SIGN_IDENTITY[sdk=iphoneos*]" = "iPhone Developer";
				COPY_PHASE_STRIP = NO;
				DEBUG_INFORMATION_FORMAT = dwarf;
				ENABLE_STRICT_OBJC_MSGSEND = YES;
				ENABLE_TESTABILITY = YES;
				GCC_C_LANGUAGE_STANDARD = gnu99;
				GCC_DYNAMIC_NO_PIC = NO;
				GCC_NO_COMMON_BLOCKS = YES;
				GCC_OPTIMIZATION_LEVEL = 0;
				GCC_PREPROCESSOR_DEFINITIONS = (
					"DEBUG=1",
					"$(inherited)",
				);
				GCC_WARN_64_TO_32_BIT_CONVERSION = YES;
				GCC_WARN_ABOUT_RETURN_TYPE = YES_ERROR;
				GCC_WARN_UNDECLARED_SELECTOR = YES;
				GCC_WARN_UNINITIALIZED_AUTOS = YES_AGGRESSIVE;
				GCC_WARN_UNUSED_FUNCTION = YES;
				GCC_WARN_UNUSED_VARIABLE = YES;
				IPHONEOS_DEPLOYMENT_TARGET = 9.3;
				MTL_ENABLE_DEBUG_INFO = YES;
				ONLY_ACTIVE_ARCH = YES;
				SDKROOT = iphoneos;
			};
			name = Debug;
		};
		4B677F7D1CB2B76400C3087A /* Release */ = {
			isa = XCBuildConfiguration;
			buildSettings = {
				ALWAYS_SEARCH_USER_PATHS = NO;
				CLANG_ANALYZER_NONNULL = YES;
				CLANG_CXX_LANGUAGE_STANDARD = "gnu++0x";
				CLANG_CXX_LIBRARY = "libc++";
				CLANG_ENABLE_MODULES = YES;
				CLANG_ENABLE_OBJC_ARC = YES;
				CLANG_WARN_BOOL_CONVERSION = YES;
				CLANG_WARN_CONSTANT_CONVERSION = YES;
				CLANG_WARN_DIRECT_OBJC_ISA_USAGE = YES_ERROR;
				CLANG_WARN_EMPTY_BODY = YES;
				CLANG_WARN_ENUM_CONVERSION = YES;
				CLANG_WARN_INT_CONVERSION = YES;
				CLANG_WARN_OBJC_ROOT_CLASS = YES_ERROR;
				CLANG_WARN_UNREACHABLE_CODE = YES;
				CLANG_WARN__DUPLICATE_METHOD_MATCH = YES;
				"CODE_SIGN_IDENTITY[sdk=iphoneos*]" = "iPhone Developer";
				COPY_PHASE_STRIP = NO;
				DEBUG_INFORMATION_FORMAT = "dwarf-with-dsym";
				ENABLE_NS_ASSERTIONS = NO;
				ENABLE_STRICT_OBJC_MSGSEND = YES;
				GCC_C_LANGUAGE_STANDARD = gnu99;
				GCC_NO_COMMON_BLOCKS = YES;
				GCC_WARN_64_TO_32_BIT_CONVERSION = YES;
				GCC_WARN_ABOUT_RETURN_TYPE = YES_ERROR;
				GCC_WARN_UNDECLARED_SELECTOR = YES;
				GCC_WARN_UNINITIALIZED_AUTOS = YES_AGGRESSIVE;
				GCC_WARN_UNUSED_FUNCTION = YES;
				GCC_WARN_UNUSED_VARIABLE = YES;
				IPHONEOS_DEPLOYMENT_TARGET = 9.3;
				MTL_ENABLE_DEBUG_INFO = NO;
				SDKROOT = iphoneos;
				VALIDATE_PRODUCT = YES;
			};
			name = Release;
		};
		4B677F7F1CB2B76400C3087A /* Debug */ = {
			isa = XCBuildConfiguration;
			buildSettings = {
				ASSETCATALOG_COMPILER_APPICON_NAME = AppIcon;
				INFOPLIST_FILE = AudioDemo/Info.plist;
				IPHONEOS_DEPLOYMENT_TARGET = 9.0;
				LD_RUNPATH_SEARCH_PATHS = "$(inherited) @executable_path/Frameworks";
				PRODUCT_BUNDLE_IDENTIFIER = com.zlmg.AudioDemo;
				PRODUCT_NAME = "$(TARGET_NAME)";
			};
			name = Debug;
		};
		4B677F801CB2B76400C3087A /* Release */ = {
			isa = XCBuildConfiguration;
			buildSettings = {
				ASSETCATALOG_COMPILER_APPICON_NAME = AppIcon;
				INFOPLIST_FILE = AudioDemo/Info.plist;
				IPHONEOS_DEPLOYMENT_TARGET = 9.0;
				LD_RUNPATH_SEARCH_PATHS = "$(inherited) @executable_path/Frameworks";
				PRODUCT_BUNDLE_IDENTIFIER = com.zlmg.AudioDemo;
				PRODUCT_NAME = "$(TARGET_NAME)";
			};
			name = Release;
		};
		4B677F821CB2B76400C3087A /* Debug */ = {
			isa = XCBuildConfiguration;
			buildSettings = {
				BUNDLE_LOADER = "$(TEST_HOST)";
				INFOPLIST_FILE = AudioDemoTests/Info.plist;
				LD_RUNPATH_SEARCH_PATHS = "$(inherited) @executable_path/Frameworks @loader_path/Frameworks";
				PRODUCT_BUNDLE_IDENTIFIER = com.zlmg.AudioDemoTests;
				PRODUCT_NAME = "$(TARGET_NAME)";
				TEST_HOST = "$(BUILT_PRODUCTS_DIR)/AudioDemo.app/AudioDemo";
			};
			name = Debug;
		};
		4B677F831CB2B76400C3087A /* Release */ = {
			isa = XCBuildConfiguration;
			buildSettings = {
				BUNDLE_LOADER = "$(TEST_HOST)";
				INFOPLIST_FILE = AudioDemoTests/Info.plist;
				LD_RUNPATH_SEARCH_PATHS = "$(inherited) @executable_path/Frameworks @loader_path/Frameworks";
				PRODUCT_BUNDLE_IDENTIFIER = com.zlmg.AudioDemoTests;
				PRODUCT_NAME = "$(TARGET_NAME)";
				TEST_HOST = "$(BUILT_PRODUCTS_DIR)/AudioDemo.app/AudioDemo";
			};
			name = Release;
		};
		4B677F851CB2B76400C3087A /* Debug */ = {
			isa = XCBuildConfiguration;
			buildSettings = {
				INFOPLIST_FILE = AudioDemoUITests/Info.plist;
				LD_RUNPATH_SEARCH_PATHS = "$(inherited) @executable_path/Frameworks @loader_path/Frameworks";
				PRODUCT_BUNDLE_IDENTIFIER = com.zlmg.AudioDemoUITests;
				PRODUCT_NAME = "$(TARGET_NAME)";
				TEST_TARGET_NAME = AudioDemo;
			};
			name = Debug;
		};
		4B677F861CB2B76400C3087A /* Release */ = {
			isa = XCBuildConfiguration;
			buildSettings = {
				INFOPLIST_FILE = AudioDemoUITests/Info.plist;
				LD_RUNPATH_SEARCH_PATHS = "$(inherited) @executable_path/Frameworks @loader_path/Frameworks";
				PRODUCT_BUNDLE_IDENTIFIER = com.zlmg.AudioDemoUITests;
				PRODUCT_NAME = "$(TARGET_NAME)";
				TEST_TARGET_NAME = AudioDemo;
			};
			name = Release;
		};
/* End XCBuildConfiguration section */

/* Begin XCConfigurationList section */
		4B677F4C1CB2B76300C3087A /* Build configuration list for PBXProject "AudioDemo" */ = {
			isa = XCConfigurationList;
			buildConfigurations = (
				4B677F7C1CB2B76400C3087A /* Debug */,
				4B677F7D1CB2B76400C3087A /* Release */,
			);
			defaultConfigurationIsVisible = 0;
			defaultConfigurationName = Release;
		};
		4B677F7E1CB2B76400C3087A /* Build configuration list for PBXNativeTarget "AudioDemo" */ = {
			isa = XCConfigurationList;
			buildConfigurations = (
				4B677F7F1CB2B76400C3087A /* Debug */,
				4B677F801CB2B76400C3087A /* Release */,
			);
			defaultConfigurationIsVisible = 0;
		};
		4B677F811CB2B76400C3087A /* Build configuration list for PBXNativeTarget "AudioDemoTests" */ = {
			isa = XCConfigurationList;
			buildConfigurations = (
				4B677F821CB2B76400C3087A /* Debug */,
				4B677F831CB2B76400C3087A /* Release */,
			);
			defaultConfigurationIsVisible = 0;
		};
		4B677F841CB2B76400C3087A /* Build configuration list for PBXNativeTarget "AudioDemoUITests" */ = {
			isa = XCConfigurationList;
			buildConfigurations = (
				4B677F851CB2B76400C3087A /* Debug */,
				4B677F861CB2B76400C3087A /* Release */,
			);
			defaultConfigurationIsVisible = 0;
		};
/* End XCConfigurationList section */
	};
	rootObject = 4B677F491CB2B76300C3087A /* Project object */;
}
